
Microsoft Visual Studio Solution File, Format Version 12.00
# Visual Studio Version 17
VisualStudioVersion = 17.4.33110.190
MinimumVisualStudioVersion = 10.0.40219.1
Project("{9A19103F-16F7-4668-BE54-9A1E7A4F7556}") = "Lista Atividades", "atv\Lista Atividades.csproj", "{B77DA15E-48B9-4EA6-BF40-AEDC66E769CD}"
EndProject
Global
	GlobalSection(SolutionConfigurationPlatforms) = preSolution
		Debug|Any CPU = Debug|Any CPU
		Release|Any CPU = Release|Any CPU
	EndGlobalSection
	GlobalSection(ProjectConfigurationPlatforms) = postSolution
		{B77DA15E-48B9-4EA6-BF40-AEDC66E769CD}.Debug|Any CPU.ActiveCfg = Debug|Any CPU
		{B77DA15E-48B9-4EA6-BF40-AEDC66E769CD}.Debug|Any CPU.Build.0 = Debug|Any CPU
		{B77DA15E-48B9-4EA6-BF40-AEDC66E769CD}.Release|Any CPU.ActiveCfg = Release|Any CPU
		{B77DA15E-48B9-4EA6-BF40-AEDC66E769CD}.Release|Any CPU.Build.0 = Release|Any CPU
	EndGlobalSection
	GlobalSection(SolutionProperties) = preSolution
		HideSolutionNode = FALSE
	EndGlobalSection
	GlobalSection(ExtensibilityGlobals) = postSolution
		SolutionGuid = {A57D7ADC-F4C9-4A3B-8DE4-14C1A24D0D81}
	EndGlobalSection
EndGlobal
